// !$*UTF8*$!
{
	archiveVersion = 1;
	classes = {
	};
	objectVersion = 52;
	objects = {

/* Begin PBXBuildFile section */
		D0218FA1267D3B3000F164EF /* GoogleService-Info.plist in Resources */ = {isa = PBXBuildFile; fileRef = D0218FA0267D3B3000F164EF /* GoogleService-Info.plist */; };
		D0218FA4267D3D9C00F164EF /* Guest.swift in Sources */ = {isa = PBXBuildFile; fileRef = D0218FA3267D3D9C00F164EF /* Guest.swift */; };
		D028F11B2683DB62004BF38D /* DefaultsController.swift in Sources */ = {isa = PBXBuildFile; fileRef = D028F11A2683DB62004BF38D /* DefaultsController.swift */; };
		D0481618267FDB3300AECCA1 /* MastheadView.swift in Sources */ = {isa = PBXBuildFile; fileRef = D0481617267FDB3300AECCA1 /* MastheadView.swift */; };
		D048161A26810D9800AECCA1 /* GuestDetailViewViewController.swift in Sources */ = {isa = PBXBuildFile; fileRef = D048161926810D9800AECCA1 /* GuestDetailViewViewController.swift */; };
		D048161F2681250500AECCA1 /* UILabel+Copyable in Frameworks */ = {isa = PBXBuildFile; productRef = D048161E2681250500AECCA1 /* UILabel+Copyable */; };
		D0D483F8267C323C009A4086 /* AppDelegate.swift in Sources */ = {isa = PBXBuildFile; fileRef = D0D483F7267C323C009A4086 /* AppDelegate.swift */; };
		D0D483FA267C323C009A4086 /* SceneDelegate.swift in Sources */ = {isa = PBXBuildFile; fileRef = D0D483F9267C323C009A4086 /* SceneDelegate.swift */; };
		D0D48401267C323F009A4086 /* Assets.xcassets in Resources */ = {isa = PBXBuildFile; fileRef = D0D48400267C323F009A4086 /* Assets.xcassets */; };
		D0D48404267C323F009A4086 /* LaunchScreen.storyboard in Resources */ = {isa = PBXBuildFile; fileRef = D0D48402267C323F009A4086 /* LaunchScreen.storyboard */; };
		D0D4840D267C3491009A4086 /* FirebaseFirestore in Frameworks */ = {isa = PBXBuildFile; productRef = D0D4840C267C3491009A4086 /* FirebaseFirestore */; };
		D0D4840F267C3491009A4086 /* FirebaseFirestoreSwift-Beta in Frameworks */ = {isa = PBXBuildFile; productRef = D0D4840E267C3491009A4086 /* FirebaseFirestoreSwift-Beta */; };
		D0E547DB267EEAA400A399C5 /* FirebaseManager.swift in Sources */ = {isa = PBXBuildFile; fileRef = D0E547DA267EEAA400A399C5 /* FirebaseManager.swift */; };
		D0E547DE267EF0FE00A399C5 /* GuestTableViewController.swift in Sources */ = {isa = PBXBuildFile; fileRef = D0E547DD267EF0FE00A399C5 /* GuestTableViewController.swift */; };
/* End PBXBuildFile section */

/* Begin PBXFileReference section */
		D0218FA0267D3B3000F164EF /* GoogleService-Info.plist */ = {isa = PBXFileReference; fileEncoding = 4; lastKnownFileType = text.plist.xml; path = "GoogleService-Info.plist"; sourceTree = "<group>"; };
		D0218FA3267D3D9C00F164EF /* Guest.swift */ = {isa = PBXFileReference; lastKnownFileType = sourcecode.swift; path = Guest.swift; sourceTree = "<group>"; };
		D028F11A2683DB62004BF38D /* DefaultsController.swift */ = {isa = PBXFileReference; lastKnownFileType = sourcecode.swift; path = DefaultsController.swift; sourceTree = "<group>"; };
		D0481617267FDB3300AECCA1 /* MastheadView.swift */ = {isa = PBXFileReference; lastKnownFileType = sourcecode.swift; path = MastheadView.swift; sourceTree = "<group>"; };
		D048161926810D9800AECCA1 /* GuestDetailViewViewController.swift */ = {isa = PBXFileReference; lastKnownFileType = sourcecode.swift; path = GuestDetailViewViewController.swift; sourceTree = "<group>"; };
		D0D483F4267C323C009A4086 /* Guest Viewer.app */ = {isa = PBXFileReference; explicitFileType = wrapper.application; includeInIndex = 0; path = "Guest Viewer.app"; sourceTree = BUILT_PRODUCTS_DIR; };
		D0D483F7267C323C009A4086 /* AppDelegate.swift */ = {isa = PBXFileReference; lastKnownFileType = sourcecode.swift; path = AppDelegate.swift; sourceTree = "<group>"; };
		D0D483F9267C323C009A4086 /* SceneDelegate.swift */ = {isa = PBXFileReference; lastKnownFileType = sourcecode.swift; path = SceneDelegate.swift; sourceTree = "<group>"; };
		D0D48400267C323F009A4086 /* Assets.xcassets */ = {isa = PBXFileReference; lastKnownFileType = folder.assetcatalog; path = Assets.xcassets; sourceTree = "<group>"; };
		D0D48403267C323F009A4086 /* Base */ = {isa = PBXFileReference; lastKnownFileType = file.storyboard; name = Base; path = Base.lproj/LaunchScreen.storyboard; sourceTree = "<group>"; };
		D0D48405267C323F009A4086 /* Info.plist */ = {isa = PBXFileReference; lastKnownFileType = text.plist.xml; path = Info.plist; sourceTree = "<group>"; };
		D0E547DA267EEAA400A399C5 /* FirebaseManager.swift */ = {isa = PBXFileReference; lastKnownFileType = sourcecode.swift; path = FirebaseManager.swift; sourceTree = "<group>"; };
		D0E547DD267EF0FE00A399C5 /* GuestTableViewController.swift */ = {isa = PBXFileReference; lastKnownFileType = sourcecode.swift; path = GuestTableViewController.swift; sourceTree = "<group>"; };
/* End PBXFileReference section */

/* Begin PBXFrameworksBuildPhase section */
		D0D483F1267C323C009A4086 /* Frameworks */ = {
			isa = PBXFrameworksBuildPhase;
			buildActionMask = 2147483647;
			files = (
				D0D4840D267C3491009A4086 /* FirebaseFirestore in Frameworks */,
				D0D4840F267C3491009A4086 /* FirebaseFirestoreSwift-Beta in Frameworks */,
				D048161F2681250500AECCA1 /* UILabel+Copyable in Frameworks */,
			);
			runOnlyForDeploymentPostprocessing = 0;
		};
/* End PBXFrameworksBuildPhase section */

/* Begin PBXGroup section */
		D0218FA2267D3D9200F164EF /* Models */ = {
			isa = PBXGroup;
			children = (
				D0218FA3267D3D9C00F164EF /* Guest.swift */,
				D028F11A2683DB62004BF38D /* DefaultsController.swift */,
			);
			path = Models;
			sourceTree = "<group>";
		};
		D0D483EB267C323C009A4086 = {
			isa = PBXGroup;
			children = (
				D0D483F6267C323C009A4086 /* Guest Viewer */,
				D0D483F5267C323C009A4086 /* Products */,
			);
			sourceTree = "<group>";
		};
		D0D483F5267C323C009A4086 /* Products */ = {
			isa = PBXGroup;
			children = (
				D0D483F4267C323C009A4086 /* Guest Viewer.app */,
			);
			name = Products;
			sourceTree = "<group>";
		};
		D0D483F6267C323C009A4086 /* Guest Viewer */ = {
			isa = PBXGroup;
			children = (
				D0E547DC267EF0D700A399C5 /* Views */,
				D0E547D9267EEA7D00A399C5 /* Firebase Management */,
				D0218FA2267D3D9200F164EF /* Models */,
				D0D483F7267C323C009A4086 /* AppDelegate.swift */,
				D0D483F9267C323C009A4086 /* SceneDelegate.swift */,
				D0D48400267C323F009A4086 /* Assets.xcassets */,
				D0D48402267C323F009A4086 /* LaunchScreen.storyboard */,
				D0D48405267C323F009A4086 /* Info.plist */,
				D0218FA0267D3B3000F164EF /* GoogleService-Info.plist */,
			);
			path = "Guest Viewer";
			sourceTree = "<group>";
		};
		D0E547D9267EEA7D00A399C5 /* Firebase Management */ = {
			isa = PBXGroup;
			children = (
				D0E547DA267EEAA400A399C5 /* FirebaseManager.swift */,
			);
			path = "Firebase Management";
			sourceTree = "<group>";
		};
		D0E547DC267EF0D700A399C5 /* Views */ = {
			isa = PBXGroup;
			children = (
				D0E547DD267EF0FE00A399C5 /* GuestTableViewController.swift */,
				D0481617267FDB3300AECCA1 /* MastheadView.swift */,
				D048161926810D9800AECCA1 /* GuestDetailViewViewController.swift */,
			);
			path = Views;
			sourceTree = "<group>";
		};
/* End PBXGroup section */

/* Begin PBXNativeTarget section */
		D0D483F3267C323C009A4086 /* Guest Viewer */ = {
			isa = PBXNativeTarget;
			buildConfigurationList = D0D48408267C323F009A4086 /* Build configuration list for PBXNativeTarget "Guest Viewer" */;
			buildPhases = (
				D0CCE65C2682342E004ED0FD /* Swiftlint */,
				D0D483F0267C323C009A4086 /* Sources */,
				D0D483F1267C323C009A4086 /* Frameworks */,
				D0D483F2267C323C009A4086 /* Resources */,
			);
			buildRules = (
			);
			dependencies = (
			);
			name = "Guest Viewer";
			packageProductDependencies = (
				D0D4840C267C3491009A4086 /* FirebaseFirestore */,
				D0D4840E267C3491009A4086 /* FirebaseFirestoreSwift-Beta */,
				D048161E2681250500AECCA1 /* UILabel+Copyable */,
			);
			productName = "Guest Viewer";
			productReference = D0D483F4267C323C009A4086 /* Guest Viewer.app */;
			productType = "com.apple.product-type.application";
		};
/* End PBXNativeTarget section */

/* Begin PBXProject section */
		D0D483EC267C323C009A4086 /* Project object */ = {
			isa = PBXProject;
			attributes = {
				LastSwiftUpdateCheck = 1250;
				LastUpgradeCheck = 1250;
				TargetAttributes = {
					D0D483F3267C323C009A4086 = {
						CreatedOnToolsVersion = 12.5;
					};
				};
			};
			buildConfigurationList = D0D483EF267C323C009A4086 /* Build configuration list for PBXProject "Guest Viewer" */;
			compatibilityVersion = "Xcode 9.3";
			developmentRegion = en;
			hasScannedForEncodings = 0;
			knownRegions = (
				en,
				Base,
			);
			mainGroup = D0D483EB267C323C009A4086;
			packageReferences = (
				D0D4840B267C3491009A4086 /* XCRemoteSwiftPackageReference "firebase-ios-sdk" */,
				D048161D2681250500AECCA1 /* XCRemoteSwiftPackageReference "UILabel-Copyable" */,
			);
			productRefGroup = D0D483F5267C323C009A4086 /* Products */;
			projectDirPath = "";
			projectRoot = "";
			targets = (
				D0D483F3267C323C009A4086 /* Guest Viewer */,
			);
		};
/* End PBXProject section */

/* Begin PBXResourcesBuildPhase section */
		D0D483F2267C323C009A4086 /* Resources */ = {
			isa = PBXResourcesBuildPhase;
			buildActionMask = 2147483647;
			files = (
				D0D48404267C323F009A4086 /* LaunchScreen.storyboard in Resources */,
				D0D48401267C323F009A4086 /* Assets.xcassets in Resources */,
				D0218FA1267D3B3000F164EF /* GoogleService-Info.plist in Resources */,
			);
			runOnlyForDeploymentPostprocessing = 0;
		};
/* End PBXResourcesBuildPhase section */

/* Begin PBXShellScriptBuildPhase section */
		D0CCE65C2682342E004ED0FD /* Swiftlint */ = {
			isa = PBXShellScriptBuildPhase;
			buildActionMask = 2147483647;
			files = (
			);
			inputFileListPaths = (
			);
			inputPaths = (
			);
			name = Swiftlint;
			outputFileListPaths = (
			);
			outputPaths = (
			);
			runOnlyForDeploymentPostprocessing = 0;
			shellPath = /bin/sh;
			shellScript = "if which swiftlint >/dev/null; then\n  swiftlint\nelse\n  echo \"warning: SwiftLint not installed, download from https://github.com/realm/SwiftLint\"\nfi\n";
		};
/* End PBXShellScriptBuildPhase section */

/* Begin PBXSourcesBuildPhase section */
		D0D483F0267C323C009A4086 /* Sources */ = {
			isa = PBXSourcesBuildPhase;
			buildActionMask = 2147483647;
			files = (
				D0E547DB267EEAA400A399C5 /* FirebaseManager.swift in Sources */,
				D0481618267FDB3300AECCA1 /* MastheadView.swift in Sources */,
				D0D483F8267C323C009A4086 /* AppDelegate.swift in Sources */,
				D048161A26810D9800AECCA1 /* GuestDetailViewViewController.swift in Sources */,
				D0E547DE267EF0FE00A399C5 /* GuestTableViewController.swift in Sources */,
				D0D483FA267C323C009A4086 /* SceneDelegate.swift in Sources */,
				D0218FA4267D3D9C00F164EF /* Guest.swift in Sources */,
				D028F11B2683DB62004BF38D /* DefaultsController.swift in Sources */,
			);
			runOnlyForDeploymentPostprocessing = 0;
		};
/* End PBXSourcesBuildPhase section */

/* Begin PBXVariantGroup section */
		D0D48402267C323F009A4086 /* LaunchScreen.storyboard */ = {
			isa = PBXVariantGroup;
			children = (
				D0D48403267C323F009A4086 /* Base */,
			);
			name = LaunchScreen.storyboard;
			sourceTree = "<group>";
		};
/* End PBXVariantGroup section */

/* Begin XCBuildConfiguration section */
		D0D48406267C323F009A4086 /* Debug */ = {
			isa = XCBuildConfiguration;
			buildSettings = {
				ALWAYS_SEARCH_USER_PATHS = NO;
				CLANG_ANALYZER_NONNULL = YES;
				CLANG_ANALYZER_NUMBER_OBJECT_CONVERSION = YES_AGGRESSIVE;
				CLANG_CXX_LANGUAGE_STANDARD = "gnu++14";
				CLANG_CXX_LIBRARY = "libc++";
				CLANG_ENABLE_MODULES = YES;
				CLANG_ENABLE_OBJC_ARC = YES;
				CLANG_ENABLE_OBJC_WEAK = YES;
				CLANG_WARN_BLOCK_CAPTURE_AUTORELEASING = YES;
				CLANG_WARN_BOOL_CONVERSION = YES;
				CLANG_WARN_COMMA = YES;
				CLANG_WARN_CONSTANT_CONVERSION = YES;
				CLANG_WARN_DEPRECATED_OBJC_IMPLEMENTATIONS = YES;
				CLANG_WARN_DIRECT_OBJC_ISA_USAGE = YES_ERROR;
				CLANG_WARN_DOCUMENTATION_COMMENTS = YES;
				CLANG_WARN_EMPTY_BODY = YES;
				CLANG_WARN_ENUM_CONVERSION = YES;
				CLANG_WARN_INFINITE_RECURSION = YES;
				CLANG_WARN_INT_CONVERSION = YES;
				CLANG_WARN_NON_LITERAL_NULL_CONVERSION = YES;
				CLANG_WARN_OBJC_IMPLICIT_RETAIN_SELF = YES;
				CLANG_WARN_OBJC_LITERAL_CONVERSION = YES;
				CLANG_WARN_OBJC_ROOT_CLASS = YES_ERROR;
				CLANG_WARN_QUOTED_INCLUDE_IN_FRAMEWORK_HEADER = YES;
				CLANG_WARN_RANGE_LOOP_ANALYSIS = YES;
				CLANG_WARN_STRICT_PROTOTYPES = YES;
				CLANG_WARN_SUSPICIOUS_MOVE = YES;
				CLANG_WARN_UNGUARDED_AVAILABILITY = YES_AGGRESSIVE;
				CLANG_WARN_UNREACHABLE_CODE = YES;
				CLANG_WARN__DUPLICATE_METHOD_MATCH = YES;
				COPY_PHASE_STRIP = NO;
				DEBUG_INFORMATION_FORMAT = dwarf;
				ENABLE_STRICT_OBJC_MSGSEND = YES;
				ENABLE_TESTABILITY = YES;
				GCC_C_LANGUAGE_STANDARD = gnu11;
				GCC_DYNAMIC_NO_PIC = NO;
				GCC_NO_COMMON_BLOCKS = YES;
				GCC_OPTIMIZATION_LEVEL = 0;
				GCC_PREPROCESSOR_DEFINITIONS = (
					"DEBUG=1",
					"$(inherited)",
				);
				GCC_WARN_64_TO_32_BIT_CONVERSION = YES;
				GCC_WARN_ABOUT_RETURN_TYPE = YES_ERROR;
				GCC_WARN_UNDECLARED_SELECTOR = YES;
				GCC_WARN_UNINITIALIZED_AUTOS = YES_AGGRESSIVE;
				GCC_WARN_UNUSED_FUNCTION = YES;
				GCC_WARN_UNUSED_VARIABLE = YES;
				IPHONEOS_DEPLOYMENT_TARGET = 14.5;
				MTL_ENABLE_DEBUG_INFO = INCLUDE_SOURCE;
				MTL_FAST_MATH = YES;
				ONLY_ACTIVE_ARCH = YES;
				SDKROOT = iphoneos;
				SWIFT_ACTIVE_COMPILATION_CONDITIONS = DEBUG;
				SWIFT_OPTIMIZATION_LEVEL = "-Onone";
			};
			name = Debug;
		};
		D0D48407267C323F009A4086 /* Release */ = {
			isa = XCBuildConfiguration;
			buildSettings = {
				ALWAYS_SEARCH_USER_PATHS = NO;
				CLANG_ANALYZER_NONNULL = YES;
				CLANG_ANALYZER_NUMBER_OBJECT_CONVERSION = YES_AGGRESSIVE;
				CLANG_CXX_LANGUAGE_STANDARD = "gnu++14";
				CLANG_CXX_LIBRARY = "libc++";
				CLANG_ENABLE_MODULES = YES;
				CLANG_ENABLE_OBJC_ARC = YES;
				CLANG_ENABLE_OBJC_WEAK = YES;
				CLANG_WARN_BLOCK_CAPTURE_AUTORELEASING = YES;
				CLANG_WARN_BOOL_CONVERSION = YES;
				CLANG_WARN_COMMA = YES;
				CLANG_WARN_CONSTANT_CONVERSION = YES;
				CLANG_WARN_DEPRECATED_OBJC_IMPLEMENTATIONS = YES;
				CLANG_WARN_DIRECT_OBJC_ISA_USAGE = YES_ERROR;
				CLANG_WARN_DOCUMENTATION_COMMENTS = YES;
				CLANG_WARN_EMPTY_BODY = YES;
				CLANG_WARN_ENUM_CONVERSION = YES;
				CLANG_WARN_INFINITE_RECURSION = YES;
				CLANG_WARN_INT_CONVERSION = YES;
				CLANG_WARN_NON_LITERAL_NULL_CONVERSION = YES;
				CLANG_WARN_OBJC_IMPLICIT_RETAIN_SELF = YES;
				CLANG_WARN_OBJC_LITERAL_CONVERSION = YES;
				CLANG_WARN_OBJC_ROOT_CLASS = YES_ERROR;
				CLANG_WARN_QUOTED_INCLUDE_IN_FRAMEWORK_HEADER = YES;
				CLANG_WARN_RANGE_LOOP_ANALYSIS = YES;
				CLANG_WARN_STRICT_PROTOTYPES = YES;
				CLANG_WARN_SUSPICIOUS_MOVE = YES;
				CLANG_WARN_UNGUARDED_AVAILABILITY = YES_AGGRESSIVE;
				CLANG_WARN_UNREACHABLE_CODE = YES;
				CLANG_WARN__DUPLICATE_METHOD_MATCH = YES;
				COPY_PHASE_STRIP = NO;
				DEBUG_INFORMATION_FORMAT = "dwarf-with-dsym";
				ENABLE_NS_ASSERTIONS = NO;
				ENABLE_STRICT_OBJC_MSGSEND = YES;
				GCC_C_LANGUAGE_STANDARD = gnu11;
				GCC_NO_COMMON_BLOCKS = YES;
				GCC_WARN_64_TO_32_BIT_CONVERSION = YES;
				GCC_WARN_ABOUT_RETURN_TYPE = YES_ERROR;
				GCC_WARN_UNDECLARED_SELECTOR = YES;
				GCC_WARN_UNINITIALIZED_AUTOS = YES_AGGRESSIVE;
				GCC_WARN_UNUSED_FUNCTION = YES;
				GCC_WARN_UNUSED_VARIABLE = YES;
				IPHONEOS_DEPLOYMENT_TARGET = 14.5;
				MTL_ENABLE_DEBUG_INFO = NO;
				MTL_FAST_MATH = YES;
				SDKROOT = iphoneos;
				SWIFT_COMPILATION_MODE = wholemodule;
				SWIFT_OPTIMIZATION_LEVEL = "-O";
				VALIDATE_PRODUCT = YES;
			};
			name = Release;
		};
		D0D48409267C323F009A4086 /* Debug */ = {
			isa = XCBuildConfiguration;
			buildSettings = {
				ASSETCATALOG_COMPILER_APPICON_NAME = AppIcon;
				ASSETCATALOG_COMPILER_GLOBAL_ACCENT_COLOR_NAME = AccentColor;
				CODE_SIGN_STYLE = Automatic;
				DEVELOPMENT_TEAM = C2NSPAKWYK;
				INFOPLIST_FILE = "Guest Viewer/Info.plist";
				LD_RUNPATH_SEARCH_PATHS = (
					"$(inherited)",
					"@executable_path/Frameworks",
				);
				PRODUCT_BUNDLE_IDENTIFIER = "joakes.Guest-Viewer";
				PRODUCT_NAME = "$(TARGET_NAME)";
				SWIFT_VERSION = 5.0;
				TARGETED_DEVICE_FAMILY = "1,2";
			};
			name = Debug;
		};
		D0D4840A267C323F009A4086 /* Release */ = {
			isa = XCBuildConfiguration;
			buildSettings = {
				ASSETCATALOG_COMPILER_APPICON_NAME = AppIcon;
				ASSETCATALOG_COMPILER_GLOBAL_ACCENT_COLOR_NAME = AccentColor;
				CODE_SIGN_STYLE = Automatic;
				DEVELOPMENT_TEAM = C2NSPAKWYK;
				INFOPLIST_FILE = "Guest Viewer/Info.plist";
				LD_RUNPATH_SEARCH_PATHS = (
					"$(inherited)",
					"@executable_path/Frameworks",
				);
				PRODUCT_BUNDLE_IDENTIFIER = "joakes.Guest-Viewer";
				PRODUCT_NAME = "$(TARGET_NAME)";
				SWIFT_VERSION = 5.0;
				TARGETED_DEVICE_FAMILY = "1,2";
			};
			name = Release;
		};
/* End XCBuildConfiguration section */

/* Begin XCConfigurationList section */
		D0D483EF267C323C009A4086 /* Build configuration list for PBXProject "Guest Viewer" */ = {
			isa = XCConfigurationList;
			buildConfigurations = (
				D0D48406267C323F009A4086 /* Debug */,
				D0D48407267C323F009A4086 /* Release */,
			);
			defaultConfigurationIsVisible = 0;
			defaultConfigurationName = Release;
		};
		D0D48408267C323F009A4086 /* Build configuration list for PBXNativeTarget "Guest Viewer" */ = {
			isa = XCConfigurationList;
			buildConfigurations = (
				D0D48409267C323F009A4086 /* Debug */,
				D0D4840A267C323F009A4086 /* Release */,
			);
			defaultConfigurationIsVisible = 0;
			defaultConfigurationName = Release;
		};
/* End XCConfigurationList section */

/* Begin XCRemoteSwiftPackageReference section */
		D048161D2681250500AECCA1 /* XCRemoteSwiftPackageReference "UILabel-Copyable" */ = {
			isa = XCRemoteSwiftPackageReference;
			repositoryURL = "https://github.com/alexandreos/UILabel-Copyable";
			requirement = {
				kind = upToNextMajorVersion;
				minimumVersion = 2.0.1;
			};
		};
		D0D4840B267C3491009A4086 /* XCRemoteSwiftPackageReference "firebase-ios-sdk" */ = {
			isa = XCRemoteSwiftPackageReference;
			repositoryURL = "https://github.com/firebase/firebase-ios-sdk.git";
			requirement = {
				kind = upToNextMajorVersion;
				minimumVersion = 8.1.1;
			};
		};
/* End XCRemoteSwiftPackageReference section */

/* Begin XCSwiftPackageProductDependency section */
		D048161E2681250500AECCA1 /* UILabel+Copyable */ = {
			isa = XCSwiftPackageProductDependency;
			package = D048161D2681250500AECCA1 /* XCRemoteSwiftPackageReference "UILabel-Copyable" */;
			productName = "UILabel+Copyable";
		};
		D0D4840C267C3491009A4086 /* FirebaseFirestore */ = {
			isa = XCSwiftPackageProductDependency;
			package = D0D4840B267C3491009A4086 /* XCRemoteSwiftPackageReference "firebase-ios-sdk" */;
			productName = FirebaseFirestore;
		};
		D0D4840E267C3491009A4086 /* FirebaseFirestoreSwift-Beta */ = {
			isa = XCSwiftPackageProductDependency;
			package = D0D4840B267C3491009A4086 /* XCRemoteSwiftPackageReference "firebase-ios-sdk" */;
			productName = "FirebaseFirestoreSwift-Beta";
		};
/* End XCSwiftPackageProductDependency section */
	};
	rootObject = D0D483EC267C323C009A4086 /* Project object */;
}
